
Microsoft Visual Studio Solution File, Format Version 12.00
# Visual Studio Version 17
VisualStudioVersion = 17.14.36623.8 d17.14
MinimumVisualStudioVersion = 10.0.40219.1
Project("{FAE04EC0-301F-11D3-BF4B-00C04F79EFBC}") = "Ticketora.Domain", "Core\Ticketora.Domain\Ticketora.Domain.csproj", "{41357454-0BB7-4012-B4F6-BBAD1497C71B}"
EndProject
Project("{FAE04EC0-301F-11D3-BF4B-00C04F79EFBC}") = "Ticketora.Persistence", "Infrastructure\Ticketora.Persistence\Ticketora.Persistence.csproj", "{FFF5A2C6-5416-4448-9A82-7EC7613CB722}"
EndProject
Project("{2150E333-8FDC-42A3-9474-1A3956D46DE8}") = "Core", "Core", "{02EA681E-C7D8-13C7-8484-4AC65E1B71E8}"
EndProject
Project("{2150E333-8FDC-42A3-9474-1A3956D46DE8}") = "Infrastructure", "Infrastructure", "{E577E9AA-C26F-4ABF-90E2-399CA530B717}"
EndProject
Project("{2150E333-8FDC-42A3-9474-1A3956D46DE8}") = "Presentation", "Presentation", "{15FA813B-33B0-4833-9227-988CB93C70AD}"
EndProject
Project("{FAE04EC0-301F-11D3-BF4B-00C04F79EFBC}") = "Ticketora.WebUI", "Presentation\Ticketora.WebUI\Ticketora.WebUI.csproj", "{8178F386-6AF9-4F0D-8F36-CC855F4255D6}"
EndProject
Project("{FAE04EC0-301F-11D3-BF4B-00C04F79EFBC}") = "Ticketora.Application", "Core\Ticketora.Application\Ticketora.Application.csproj", "{4E47C6E0-C88D-4DE6-860E-EBDF462DFD05}"
EndProject
Global
	GlobalSection(SolutionConfigurationPlatforms) = preSolution
		Debug|Any CPU = Debug|Any CPU
		Release|Any CPU = Release|Any CPU
	EndGlobalSection
	GlobalSection(ProjectConfigurationPlatforms) = postSolution
		{41357454-0BB7-4012-B4F6-BBAD1497C71B}.Debug|Any CPU.ActiveCfg = Debug|Any CPU
		{41357454-0BB7-4012-B4F6-BBAD1497C71B}.Debug|Any CPU.Build.0 = Debug|Any CPU
		{41357454-0BB7-4012-B4F6-BBAD1497C71B}.Release|Any CPU.ActiveCfg = Release|Any CPU
		{41357454-0BB7-4012-B4F6-BBAD1497C71B}.Release|Any CPU.Build.0 = Release|Any CPU
		{FFF5A2C6-5416-4448-9A82-7EC7613CB722}.Debug|Any CPU.ActiveCfg = Debug|Any CPU
		{FFF5A2C6-5416-4448-9A82-7EC7613CB722}.Debug|Any CPU.Build.0 = Debug|Any CPU
		{FFF5A2C6-5416-4448-9A82-7EC7613CB722}.Release|Any CPU.ActiveCfg = Release|Any CPU
		{FFF5A2C6-5416-4448-9A82-7EC7613CB722}.Release|Any CPU.Build.0 = Release|Any CPU
		{8178F386-6AF9-4F0D-8F36-CC855F4255D6}.Debug|Any CPU.ActiveCfg = Debug|Any CPU
		{8178F386-6AF9-4F0D-8F36-CC855F4255D6}.Debug|Any CPU.Build.0 = Debug|Any CPU
		{8178F386-6AF9-4F0D-8F36-CC855F4255D6}.Release|Any CPU.ActiveCfg = Release|Any CPU
		{8178F386-6AF9-4F0D-8F36-CC855F4255D6}.Release|Any CPU.Build.0 = Release|Any CPU
		{4E47C6E0-C88D-4DE6-860E-EBDF462DFD05}.Debug|Any CPU.ActiveCfg = Debug|Any CPU
		{4E47C6E0-C88D-4DE6-860E-EBDF462DFD05}.Debug|Any CPU.Build.0 = Debug|Any CPU
		{4E47C6E0-C88D-4DE6-860E-EBDF462DFD05}.Release|Any CPU.ActiveCfg = Release|Any CPU
		{4E47C6E0-C88D-4DE6-860E-EBDF462DFD05}.Release|Any CPU.Build.0 = Release|Any CPU
	EndGlobalSection
	GlobalSection(SolutionProperties) = preSolution
		HideSolutionNode = FALSE
	EndGlobalSection
	GlobalSection(NestedProjects) = preSolution
		{41357454-0BB7-4012-B4F6-BBAD1497C71B} = {02EA681E-C7D8-13C7-8484-4AC65E1B71E8}
		{FFF5A2C6-5416-4448-9A82-7EC7613CB722} = {E577E9AA-C26F-4ABF-90E2-399CA530B717}
		{8178F386-6AF9-4F0D-8F36-CC855F4255D6} = {15FA813B-33B0-4833-9227-988CB93C70AD}
		{4E47C6E0-C88D-4DE6-860E-EBDF462DFD05} = {02EA681E-C7D8-13C7-8484-4AC65E1B71E8}
	EndGlobalSection
	GlobalSection(ExtensibilityGlobals) = postSolution
		SolutionGuid = {DE26C725-AC28-4493-B658-E263A94F36D5}
	EndGlobalSection
EndGlobal
